
Microsoft Visual Studio Solution File, Format Version 12.00
# Visual Studio Version 16
VisualStudioVersion = 16.0.30413.136
MinimumVisualStudioVersion = 10.0.40219.1
Project("{9A19103F-16F7-4668-BE54-9A1E7A4F7556}") = "SearchFight", "SearchFight\SearchFight.csproj", "{3B900665-AFC8-4BC9-B72C-D347A27129D2}"
EndProject
Project("{9A19103F-16F7-4668-BE54-9A1E7A4F7556}") = "Infrastructure", "Infrastructure\Infrastructure.csproj", "{7BA90798-B4EF-45A4-A040-05E5EFB26669}"
EndProject
Project("{9A19103F-16F7-4668-BE54-9A1E7A4F7556}") = "Core", "Core\Core.csproj", "{3847D98A-9A77-4632-ACB1-DE0D8A125751}"
EndProject
Project("{9A19103F-16F7-4668-BE54-9A1E7A4F7556}") = "Domain", "Domain\Domain.csproj", "{07291418-240A-44EC-9536-B7112813CE65}"
EndProject
Project("{9A19103F-16F7-4668-BE54-9A1E7A4F7556}") = "ApplicationServices", "ApplicationServices\ApplicationServices.csproj", "{C885AC31-20F9-4B34-9DB7-B9E81A1C686A}"
EndProject
Project("{9A19103F-16F7-4668-BE54-9A1E7A4F7556}") = "Tests", "Tests\Tests.csproj", "{E9BD6FFD-2C9C-4308-B98A-BCBDE21B7268}"
EndProject
Global
	GlobalSection(SolutionConfigurationPlatforms) = preSolution
		Debug|Any CPU = Debug|Any CPU
		Release|Any CPU = Release|Any CPU
	EndGlobalSection
	GlobalSection(ProjectConfigurationPlatforms) = postSolution
		{3B900665-AFC8-4BC9-B72C-D347A27129D2}.Debug|Any CPU.ActiveCfg = Debug|Any CPU
		{3B900665-AFC8-4BC9-B72C-D347A27129D2}.Debug|Any CPU.Build.0 = Debug|Any CPU
		{3B900665-AFC8-4BC9-B72C-D347A27129D2}.Release|Any CPU.ActiveCfg = Release|Any CPU
		{3B900665-AFC8-4BC9-B72C-D347A27129D2}.Release|Any CPU.Build.0 = Release|Any CPU
		{7BA90798-B4EF-45A4-A040-05E5EFB26669}.Debug|Any CPU.ActiveCfg = Debug|Any CPU
		{7BA90798-B4EF-45A4-A040-05E5EFB26669}.Debug|Any CPU.Build.0 = Debug|Any CPU
		{7BA90798-B4EF-45A4-A040-05E5EFB26669}.Release|Any CPU.ActiveCfg = Release|Any CPU
		{7BA90798-B4EF-45A4-A040-05E5EFB26669}.Release|Any CPU.Build.0 = Release|Any CPU
		{3847D98A-9A77-4632-ACB1-DE0D8A125751}.Debug|Any CPU.ActiveCfg = Debug|Any CPU
		{3847D98A-9A77-4632-ACB1-DE0D8A125751}.Debug|Any CPU.Build.0 = Debug|Any CPU
		{3847D98A-9A77-4632-ACB1-DE0D8A125751}.Release|Any CPU.ActiveCfg = Release|Any CPU
		{3847D98A-9A77-4632-ACB1-DE0D8A125751}.Release|Any CPU.Build.0 = Release|Any CPU
		{07291418-240A-44EC-9536-B7112813CE65}.Debug|Any CPU.ActiveCfg = Debug|Any CPU
		{07291418-240A-44EC-9536-B7112813CE65}.Debug|Any CPU.Build.0 = Debug|Any CPU
		{07291418-240A-44EC-9536-B7112813CE65}.Release|Any CPU.ActiveCfg = Release|Any CPU
		{07291418-240A-44EC-9536-B7112813CE65}.Release|Any CPU.Build.0 = Release|Any CPU
		{C885AC31-20F9-4B34-9DB7-B9E81A1C686A}.Debug|Any CPU.ActiveCfg = Debug|Any CPU
		{C885AC31-20F9-4B34-9DB7-B9E81A1C686A}.Debug|Any CPU.Build.0 = Debug|Any CPU
		{C885AC31-20F9-4B34-9DB7-B9E81A1C686A}.Release|Any CPU.ActiveCfg = Release|Any CPU
		{C885AC31-20F9-4B34-9DB7-B9E81A1C686A}.Release|Any CPU.Build.0 = Release|Any CPU
		{E9BD6FFD-2C9C-4308-B98A-BCBDE21B7268}.Debug|Any CPU.ActiveCfg = Debug|Any CPU
		{E9BD6FFD-2C9C-4308-B98A-BCBDE21B7268}.Debug|Any CPU.Build.0 = Debug|Any CPU
		{E9BD6FFD-2C9C-4308-B98A-BCBDE21B7268}.Release|Any CPU.ActiveCfg = Release|Any CPU
		{E9BD6FFD-2C9C-4308-B98A-BCBDE21B7268}.Release|Any CPU.Build.0 = Release|Any CPU
	EndGlobalSection
	GlobalSection(SolutionProperties) = preSolution
		HideSolutionNode = FALSE
	EndGlobalSection
	GlobalSection(ExtensibilityGlobals) = postSolution
		SolutionGuid = {7E3D71D5-D508-4541-83A4-A56A52DFBEF5}
	EndGlobalSection
EndGlobal
